
Microsoft Visual Studio Solution File, Format Version 12.00
Project("{FAE04EC0-301F-11D3-BF4B-00C04F79EFBC}") = "OffLogs.Api", "OffLogs.Api\OffLogs.Api.csproj", "{05E3F529-E1BE-4B16-817F-686062F6C00A}"
EndProject
Project("{FAE04EC0-301F-11D3-BF4B-00C04F79EFBC}") = "OffLogs.Business", "OffLogs.Business\OffLogs.Business.csproj", "{1749ED7D-8525-4FF3-A13D-CC0C2A7E3CA8}"
EndProject
Project("{FAE04EC0-301F-11D3-BF4B-00C04F79EFBC}") = "OffLogs.Migrations", "OffLogs.Migrations\OffLogs.Migrations.csproj", "{0CE72F2A-24B6-48DB-B556-18F382EA835E}"
EndProject
Project("{FAE04EC0-301F-11D3-BF4B-00C04F79EFBC}") = "OffLogs.Api.Tests.Integration", "OffLogs.Api.Tests.Integration\OffLogs.Api.Tests.Integration.csproj", "{234E3909-391C-4E02-937B-382E105A4BB2}"
EndProject
Project("{FAE04EC0-301F-11D3-BF4B-00C04F79EFBC}") = "OffLogs.Api.Tests.Unit", "OffLogs.Api.Tests.Unit\OffLogs.Api.Tests.Unit.csproj", "{BAC75AD4-940E-4E6F-853D-5A01D916F3BB}"
EndProject
Global
	GlobalSection(SolutionConfigurationPlatforms) = preSolution
		Debug|Any CPU = Debug|Any CPU
		Release|Any CPU = Release|Any CPU
	EndGlobalSection
	GlobalSection(ProjectConfigurationPlatforms) = postSolution
		{05E3F529-E1BE-4B16-817F-686062F6C00A}.Debug|Any CPU.ActiveCfg = Debug|Any CPU
		{05E3F529-E1BE-4B16-817F-686062F6C00A}.Debug|Any CPU.Build.0 = Debug|Any CPU
		{05E3F529-E1BE-4B16-817F-686062F6C00A}.Release|Any CPU.ActiveCfg = Release|Any CPU
		{05E3F529-E1BE-4B16-817F-686062F6C00A}.Release|Any CPU.Build.0 = Release|Any CPU
		{1749ED7D-8525-4FF3-A13D-CC0C2A7E3CA8}.Debug|Any CPU.ActiveCfg = Debug|Any CPU
		{1749ED7D-8525-4FF3-A13D-CC0C2A7E3CA8}.Debug|Any CPU.Build.0 = Debug|Any CPU
		{1749ED7D-8525-4FF3-A13D-CC0C2A7E3CA8}.Release|Any CPU.ActiveCfg = Release|Any CPU
		{1749ED7D-8525-4FF3-A13D-CC0C2A7E3CA8}.Release|Any CPU.Build.0 = Release|Any CPU
		{0CE72F2A-24B6-48DB-B556-18F382EA835E}.Debug|Any CPU.ActiveCfg = Debug|Any CPU
		{0CE72F2A-24B6-48DB-B556-18F382EA835E}.Debug|Any CPU.Build.0 = Debug|Any CPU
		{0CE72F2A-24B6-48DB-B556-18F382EA835E}.Release|Any CPU.ActiveCfg = Release|Any CPU
		{0CE72F2A-24B6-48DB-B556-18F382EA835E}.Release|Any CPU.Build.0 = Release|Any CPU
		{234E3909-391C-4E02-937B-382E105A4BB2}.Debug|Any CPU.ActiveCfg = Debug|Any CPU
		{234E3909-391C-4E02-937B-382E105A4BB2}.Debug|Any CPU.Build.0 = Debug|Any CPU
		{234E3909-391C-4E02-937B-382E105A4BB2}.Release|Any CPU.ActiveCfg = Release|Any CPU
		{234E3909-391C-4E02-937B-382E105A4BB2}.Release|Any CPU.Build.0 = Release|Any CPU
		{BAC75AD4-940E-4E6F-853D-5A01D916F3BB}.Debug|Any CPU.ActiveCfg = Debug|Any CPU
		{BAC75AD4-940E-4E6F-853D-5A01D916F3BB}.Debug|Any CPU.Build.0 = Debug|Any CPU
		{BAC75AD4-940E-4E6F-853D-5A01D916F3BB}.Release|Any CPU.ActiveCfg = Release|Any CPU
		{BAC75AD4-940E-4E6F-853D-5A01D916F3BB}.Release|Any CPU.Build.0 = Release|Any CPU
	EndGlobalSection
EndGlobal
