
Microsoft Visual Studio Solution File, Format Version 12.00
Project("{FAE04EC0-301F-11D3-BF4B-00C04F79EFBC}") = "OffLogs.Api", "OffLogs.Api\OffLogs.Api.csproj", "{05E3F529-E1BE-4B16-817F-686062F6C00A}"
EndProject
Project("{FAE04EC0-301F-11D3-BF4B-00C04F79EFBC}") = "OffLogs.Business", "OffLogs.Business\OffLogs.Business.csproj", "{1749ED7D-8525-4FF3-A13D-CC0C2A7E3CA8}"
EndProject
Project("{FAE04EC0-301F-11D3-BF4B-00C04F79EFBC}") = "OffLogs.Migrations", "OffLogs.Migrations\OffLogs.Migrations.csproj", "{0CE72F2A-24B6-48DB-B556-18F382EA835E}"
EndProject
Project("{FAE04EC0-301F-11D3-BF4B-00C04F79EFBC}") = "OffLogs.Api.Tests.Integration", "OffLogs.Api.Tests.Integration\OffLogs.Api.Tests.Integration.csproj", "{234E3909-391C-4E02-937B-382E105A4BB2}"
EndProject
Project("{FAE04EC0-301F-11D3-BF4B-00C04F79EFBC}") = "OffLogs.Api.Tests.Unit", "OffLogs.Api.Tests.Unit\OffLogs.Api.Tests.Unit.csproj", "{BAC75AD4-940E-4E6F-853D-5A01D916F3BB}"
EndProject
Project("{FAE04EC0-301F-11D3-BF4B-00C04F79EFBC}") = "OffLogs.Console", "OffLogs.Console\OffLogs.Console.csproj", "{3E1C6EA9-AF48-43CD-8BDA-D5D39A8CB1E9}"
EndProject
Project("{FAE04EC0-301F-11D3-BF4B-00C04F79EFBC}") = "OffLogs.Web", "OffLogs.Web\OffLogs.Web.csproj", "{198917B0-A634-4F0D-A496-36161600DAFF}"
EndProject
Project("{2150E333-8FDC-42A3-9474-1A3956D46DE8}") = "ServiceStack", "ServiceStack", "{97F84B22-A4B5-4789-A17D-16A5C1EFD19A}"
EndProject
Project("{FAE04EC0-301F-11D3-BF4B-00C04F79EFBC}") = "ServiceStack.OrmLite", "ServiceStack.OrmLite\src\ServiceStack.OrmLite\ServiceStack.OrmLite.csproj", "{DC8A64CE-A163-42A2-8BAE-100C33ED6097}"
EndProject
Project("{FAE04EC0-301F-11D3-BF4B-00C04F79EFBC}") = "ServiceStack.OrmLite.PostgreSQL", "ServiceStack.OrmLite\src\ServiceStack.OrmLite.PostgreSQL\ServiceStack.OrmLite.PostgreSQL.csproj", "{9AEBC661-A45B-43AE-B8B5-56BF84A274C1}"
EndProject
Project("{2150E333-8FDC-42A3-9474-1A3956D46DE8}") = "Tests", "Tests", "{94C8D1CA-2DF9-4F3E-B08A-E7F49E9E050F}"
EndProject
Global
	GlobalSection(SolutionConfigurationPlatforms) = preSolution
		Debug|Any CPU = Debug|Any CPU
		Release|Any CPU = Release|Any CPU
	EndGlobalSection
	GlobalSection(ProjectConfigurationPlatforms) = postSolution
		{05E3F529-E1BE-4B16-817F-686062F6C00A}.Debug|Any CPU.ActiveCfg = Debug|Any CPU
		{05E3F529-E1BE-4B16-817F-686062F6C00A}.Debug|Any CPU.Build.0 = Debug|Any CPU
		{05E3F529-E1BE-4B16-817F-686062F6C00A}.Release|Any CPU.ActiveCfg = Release|Any CPU
		{05E3F529-E1BE-4B16-817F-686062F6C00A}.Release|Any CPU.Build.0 = Release|Any CPU
		{1749ED7D-8525-4FF3-A13D-CC0C2A7E3CA8}.Debug|Any CPU.ActiveCfg = Debug|Any CPU
		{1749ED7D-8525-4FF3-A13D-CC0C2A7E3CA8}.Debug|Any CPU.Build.0 = Debug|Any CPU
		{1749ED7D-8525-4FF3-A13D-CC0C2A7E3CA8}.Release|Any CPU.ActiveCfg = Release|Any CPU
		{1749ED7D-8525-4FF3-A13D-CC0C2A7E3CA8}.Release|Any CPU.Build.0 = Release|Any CPU
		{0CE72F2A-24B6-48DB-B556-18F382EA835E}.Debug|Any CPU.ActiveCfg = Debug|Any CPU
		{0CE72F2A-24B6-48DB-B556-18F382EA835E}.Debug|Any CPU.Build.0 = Debug|Any CPU
		{0CE72F2A-24B6-48DB-B556-18F382EA835E}.Release|Any CPU.ActiveCfg = Release|Any CPU
		{0CE72F2A-24B6-48DB-B556-18F382EA835E}.Release|Any CPU.Build.0 = Release|Any CPU
		{234E3909-391C-4E02-937B-382E105A4BB2}.Debug|Any CPU.ActiveCfg = Debug|Any CPU
		{234E3909-391C-4E02-937B-382E105A4BB2}.Debug|Any CPU.Build.0 = Debug|Any CPU
		{234E3909-391C-4E02-937B-382E105A4BB2}.Release|Any CPU.ActiveCfg = Release|Any CPU
		{234E3909-391C-4E02-937B-382E105A4BB2}.Release|Any CPU.Build.0 = Release|Any CPU
		{BAC75AD4-940E-4E6F-853D-5A01D916F3BB}.Debug|Any CPU.ActiveCfg = Debug|Any CPU
		{BAC75AD4-940E-4E6F-853D-5A01D916F3BB}.Debug|Any CPU.Build.0 = Debug|Any CPU
		{BAC75AD4-940E-4E6F-853D-5A01D916F3BB}.Release|Any CPU.ActiveCfg = Release|Any CPU
		{BAC75AD4-940E-4E6F-853D-5A01D916F3BB}.Release|Any CPU.Build.0 = Release|Any CPU
		{3E1C6EA9-AF48-43CD-8BDA-D5D39A8CB1E9}.Debug|Any CPU.ActiveCfg = Debug|Any CPU
		{3E1C6EA9-AF48-43CD-8BDA-D5D39A8CB1E9}.Debug|Any CPU.Build.0 = Debug|Any CPU
		{3E1C6EA9-AF48-43CD-8BDA-D5D39A8CB1E9}.Release|Any CPU.ActiveCfg = Release|Any CPU
		{3E1C6EA9-AF48-43CD-8BDA-D5D39A8CB1E9}.Release|Any CPU.Build.0 = Release|Any CPU
		{198917B0-A634-4F0D-A496-36161600DAFF}.Debug|Any CPU.ActiveCfg = Debug|Any CPU
		{198917B0-A634-4F0D-A496-36161600DAFF}.Debug|Any CPU.Build.0 = Debug|Any CPU
		{198917B0-A634-4F0D-A496-36161600DAFF}.Release|Any CPU.ActiveCfg = Release|Any CPU
		{198917B0-A634-4F0D-A496-36161600DAFF}.Release|Any CPU.Build.0 = Release|Any CPU
		{DC8A64CE-A163-42A2-8BAE-100C33ED6097}.Debug|Any CPU.ActiveCfg = Debug|Any CPU
		{DC8A64CE-A163-42A2-8BAE-100C33ED6097}.Debug|Any CPU.Build.0 = Debug|Any CPU
		{DC8A64CE-A163-42A2-8BAE-100C33ED6097}.Release|Any CPU.ActiveCfg = Release|Any CPU
		{DC8A64CE-A163-42A2-8BAE-100C33ED6097}.Release|Any CPU.Build.0 = Release|Any CPU
		{9AEBC661-A45B-43AE-B8B5-56BF84A274C1}.Debug|Any CPU.ActiveCfg = Debug|Any CPU
		{9AEBC661-A45B-43AE-B8B5-56BF84A274C1}.Debug|Any CPU.Build.0 = Debug|Any CPU
		{9AEBC661-A45B-43AE-B8B5-56BF84A274C1}.Release|Any CPU.ActiveCfg = Release|Any CPU
		{9AEBC661-A45B-43AE-B8B5-56BF84A274C1}.Release|Any CPU.Build.0 = Release|Any CPU
	EndGlobalSection
	GlobalSection(NestedProjects) = preSolution
		{DC8A64CE-A163-42A2-8BAE-100C33ED6097} = {97F84B22-A4B5-4789-A17D-16A5C1EFD19A}
		{9AEBC661-A45B-43AE-B8B5-56BF84A274C1} = {97F84B22-A4B5-4789-A17D-16A5C1EFD19A}
		{234E3909-391C-4E02-937B-382E105A4BB2} = {94C8D1CA-2DF9-4F3E-B08A-E7F49E9E050F}
		{BAC75AD4-940E-4E6F-853D-5A01D916F3BB} = {94C8D1CA-2DF9-4F3E-B08A-E7F49E9E050F}
	EndGlobalSection
EndGlobal
