
Microsoft Visual Studio Solution File, Format Version 12.00
# Visual Studio Version 16
VisualStudioVersion = 16.0.31410.357
MinimumVisualStudioVersion = 10.0.40219.1
Project("{9A19103F-16F7-4668-BE54-9A1E7A4F7556}") = "OffLogs.Api", "OffLogs.Api\OffLogs.Api.csproj", "{05E3F529-E1BE-4B16-817F-686062F6C00A}"
EndProject
Project("{9A19103F-16F7-4668-BE54-9A1E7A4F7556}") = "OffLogs.Business", "OffLogs.Business\OffLogs.Business.csproj", "{1749ED7D-8525-4FF3-A13D-CC0C2A7E3CA8}"
EndProject
Project("{9A19103F-16F7-4668-BE54-9A1E7A4F7556}") = "OffLogs.Migrations", "OffLogs.Migrations\OffLogs.Migrations.csproj", "{0CE72F2A-24B6-48DB-B556-18F382EA835E}"
EndProject
Project("{9A19103F-16F7-4668-BE54-9A1E7A4F7556}") = "OffLogs.Api.Tests.Integration", "OffLogs.Api.Tests.Integration\OffLogs.Api.Tests.Integration.csproj", "{234E3909-391C-4E02-937B-382E105A4BB2}"
EndProject
Project("{9A19103F-16F7-4668-BE54-9A1E7A4F7556}") = "OffLogs.Api.Tests.Unit", "OffLogs.Api.Tests.Unit\OffLogs.Api.Tests.Unit.csproj", "{BAC75AD4-940E-4E6F-853D-5A01D916F3BB}"
EndProject
Project("{9A19103F-16F7-4668-BE54-9A1E7A4F7556}") = "OffLogs.Console", "OffLogs.Console\OffLogs.Console.csproj", "{3E1C6EA9-AF48-43CD-8BDA-D5D39A8CB1E9}"
EndProject
Project("{9A19103F-16F7-4668-BE54-9A1E7A4F7556}") = "OffLogs.Web", "OffLogs.Web\OffLogs.Web.csproj", "{198917B0-A634-4F0D-A496-36161600DAFF}"
EndProject
Project("{2150E333-8FDC-42A3-9474-1A3956D46DE8}") = "Tests", "Tests", "{94C8D1CA-2DF9-4F3E-B08A-E7F49E9E050F}"
EndProject
Project("{9A19103F-16F7-4668-BE54-9A1E7A4F7556}") = "OffLogs.Business.Common", "OffLogs.Business.Common\OffLogs.Business.Common.csproj", "{DCFBCCA3-C783-4DB6-B1CC-C09593A242B2}"
EndProject
Project("{9A19103F-16F7-4668-BE54-9A1E7A4F7556}") = "OffLogs.Api.Frontend", "OffLogs.Api.Frontend\OffLogs.Api.Frontend.csproj", "{55DCD9CE-7649-42D3-915E-9F52B05EEBE1}"
EndProject
Project("{9A19103F-16F7-4668-BE54-9A1E7A4F7556}") = "OffLogs.WorkerService", "OffLogs.WorkerService\OffLogs.WorkerService.csproj", "{0BD5353C-13FC-4CC6-9C79-29E77DBDA749}"
EndProject
Project("{2150E333-8FDC-42A3-9474-1A3956D46DE8}") = "Infrastructure", "Infrastructure", "{5BC5768D-9450-4026-8178-DBCA739DCB0E}"
EndProject
Project("{9A19103F-16F7-4668-BE54-9A1E7A4F7556}") = "Commands.Abstractions", "Commands.Abstractions\Commands.Abstractions.csproj", "{BAC4433C-731C-4D52-AB21-6FEE89E1D10E}"
EndProject
Project("{9A19103F-16F7-4668-BE54-9A1E7A4F7556}") = "Domain.Abstractions", "Domain.Abstractions\Domain.Abstractions.csproj", "{CD0649B7-D577-4E75-88AC-A17998999B88}"
EndProject
Project("{9A19103F-16F7-4668-BE54-9A1E7A4F7556}") = "Queries.Abstractions", "Queries.Abstractions\Queries.Abstractions.csproj", "{23688826-2748-4060-B592-8331E141133F}"
EndProject
Project("{9A19103F-16F7-4668-BE54-9A1E7A4F7556}") = "OffLogs.Business.Orm", "OffLogs.Business.Orm\OffLogs.Business.Orm.csproj", "{E48CADD9-4494-47D8-BE42-5D4B71A361F9}"
EndProject
Project("{9A19103F-16F7-4668-BE54-9A1E7A4F7556}") = "AspNetCore.ApiControllers.Abstractions", "AspNetCore.ApiControllers.Abstractions\AspNetCore.ApiControllers.Abstractions.csproj", "{9C54B5D8-EF88-401E-AD4E-875073D67966}"
EndProject
Project("{9A19103F-16F7-4668-BE54-9A1E7A4F7556}") = "Persistence.Transactions.Behaviors", "Persistence.Transactions.Behaviors\Persistence.Transactions.Behaviors.csproj", "{75C520F1-E9B5-4DED-AB67-DE4A3105D0B9}"
EndProject
Project("{9A19103F-16F7-4668-BE54-9A1E7A4F7556}") = "Api.Requests.Abstractions", "Api.Requests.Abstractions\Api.Requests.Abstractions.csproj", "{3796C3CC-C38B-4BBB-B4AC-BBBCFB1486CF}"
EndProject
Project("{9A19103F-16F7-4668-BE54-9A1E7A4F7556}") = "AspNetCore.ApiControllers.Extensions", "AspNetCore.ApiControllers.Extensions\AspNetCore.ApiControllers.Extensions.csproj", "{7A646375-F6C3-4439-9191-B1E8DB386A42}"
EndProject
Project("{9A19103F-16F7-4668-BE54-9A1E7A4F7556}") = "OffLogs.Api.Common", "OffLogs.Api.Common\OffLogs.Api.Common.csproj", "{C3738B5E-484D-4A57-8590-04D15E5A1782}"
EndProject
Project("{9A19103F-16F7-4668-BE54-9A1E7A4F7556}") = "Api.Requests.Base", "Api.Requests.Base\Api.Requests.Base.csproj", "{D360395F-AADC-46ED-BDDE-A000D5AD7FDF}"
EndProject
Project("{2150E333-8FDC-42A3-9474-1A3956D46DE8}") = "Business", "Business", "{C1F66C3D-CEAE-4297-ADF9-5113761C2420}"
EndProject
Global
	GlobalSection(SolutionConfigurationPlatforms) = preSolution
		Debug|Any CPU = Debug|Any CPU
		Release|Any CPU = Release|Any CPU
	EndGlobalSection
	GlobalSection(ProjectConfigurationPlatforms) = postSolution
		{05E3F529-E1BE-4B16-817F-686062F6C00A}.Debug|Any CPU.ActiveCfg = Debug|Any CPU
		{05E3F529-E1BE-4B16-817F-686062F6C00A}.Debug|Any CPU.Build.0 = Debug|Any CPU
		{05E3F529-E1BE-4B16-817F-686062F6C00A}.Release|Any CPU.ActiveCfg = Release|Any CPU
		{05E3F529-E1BE-4B16-817F-686062F6C00A}.Release|Any CPU.Build.0 = Release|Any CPU
		{1749ED7D-8525-4FF3-A13D-CC0C2A7E3CA8}.Debug|Any CPU.ActiveCfg = Debug|Any CPU
		{1749ED7D-8525-4FF3-A13D-CC0C2A7E3CA8}.Debug|Any CPU.Build.0 = Debug|Any CPU
		{1749ED7D-8525-4FF3-A13D-CC0C2A7E3CA8}.Release|Any CPU.ActiveCfg = Release|Any CPU
		{1749ED7D-8525-4FF3-A13D-CC0C2A7E3CA8}.Release|Any CPU.Build.0 = Release|Any CPU
		{0CE72F2A-24B6-48DB-B556-18F382EA835E}.Debug|Any CPU.ActiveCfg = Debug|Any CPU
		{0CE72F2A-24B6-48DB-B556-18F382EA835E}.Debug|Any CPU.Build.0 = Debug|Any CPU
		{0CE72F2A-24B6-48DB-B556-18F382EA835E}.Release|Any CPU.ActiveCfg = Release|Any CPU
		{0CE72F2A-24B6-48DB-B556-18F382EA835E}.Release|Any CPU.Build.0 = Release|Any CPU
		{234E3909-391C-4E02-937B-382E105A4BB2}.Debug|Any CPU.ActiveCfg = Debug|Any CPU
		{234E3909-391C-4E02-937B-382E105A4BB2}.Debug|Any CPU.Build.0 = Debug|Any CPU
		{234E3909-391C-4E02-937B-382E105A4BB2}.Release|Any CPU.ActiveCfg = Release|Any CPU
		{234E3909-391C-4E02-937B-382E105A4BB2}.Release|Any CPU.Build.0 = Release|Any CPU
		{BAC75AD4-940E-4E6F-853D-5A01D916F3BB}.Debug|Any CPU.ActiveCfg = Debug|Any CPU
		{BAC75AD4-940E-4E6F-853D-5A01D916F3BB}.Debug|Any CPU.Build.0 = Debug|Any CPU
		{BAC75AD4-940E-4E6F-853D-5A01D916F3BB}.Release|Any CPU.ActiveCfg = Release|Any CPU
		{BAC75AD4-940E-4E6F-853D-5A01D916F3BB}.Release|Any CPU.Build.0 = Release|Any CPU
		{3E1C6EA9-AF48-43CD-8BDA-D5D39A8CB1E9}.Debug|Any CPU.ActiveCfg = Debug|Any CPU
		{3E1C6EA9-AF48-43CD-8BDA-D5D39A8CB1E9}.Debug|Any CPU.Build.0 = Debug|Any CPU
		{3E1C6EA9-AF48-43CD-8BDA-D5D39A8CB1E9}.Release|Any CPU.ActiveCfg = Release|Any CPU
		{3E1C6EA9-AF48-43CD-8BDA-D5D39A8CB1E9}.Release|Any CPU.Build.0 = Release|Any CPU
		{198917B0-A634-4F0D-A496-36161600DAFF}.Debug|Any CPU.ActiveCfg = Debug|Any CPU
		{198917B0-A634-4F0D-A496-36161600DAFF}.Debug|Any CPU.Build.0 = Debug|Any CPU
		{198917B0-A634-4F0D-A496-36161600DAFF}.Release|Any CPU.ActiveCfg = Release|Any CPU
		{198917B0-A634-4F0D-A496-36161600DAFF}.Release|Any CPU.Build.0 = Release|Any CPU
		{DCFBCCA3-C783-4DB6-B1CC-C09593A242B2}.Debug|Any CPU.ActiveCfg = Debug|Any CPU
		{DCFBCCA3-C783-4DB6-B1CC-C09593A242B2}.Debug|Any CPU.Build.0 = Debug|Any CPU
		{DCFBCCA3-C783-4DB6-B1CC-C09593A242B2}.Release|Any CPU.ActiveCfg = Release|Any CPU
		{DCFBCCA3-C783-4DB6-B1CC-C09593A242B2}.Release|Any CPU.Build.0 = Release|Any CPU
		{55DCD9CE-7649-42D3-915E-9F52B05EEBE1}.Debug|Any CPU.ActiveCfg = Debug|Any CPU
		{55DCD9CE-7649-42D3-915E-9F52B05EEBE1}.Debug|Any CPU.Build.0 = Debug|Any CPU
		{55DCD9CE-7649-42D3-915E-9F52B05EEBE1}.Release|Any CPU.ActiveCfg = Release|Any CPU
		{55DCD9CE-7649-42D3-915E-9F52B05EEBE1}.Release|Any CPU.Build.0 = Release|Any CPU
		{0BD5353C-13FC-4CC6-9C79-29E77DBDA749}.Debug|Any CPU.ActiveCfg = Debug|Any CPU
		{0BD5353C-13FC-4CC6-9C79-29E77DBDA749}.Debug|Any CPU.Build.0 = Debug|Any CPU
		{0BD5353C-13FC-4CC6-9C79-29E77DBDA749}.Release|Any CPU.ActiveCfg = Release|Any CPU
		{0BD5353C-13FC-4CC6-9C79-29E77DBDA749}.Release|Any CPU.Build.0 = Release|Any CPU
		{BAC4433C-731C-4D52-AB21-6FEE89E1D10E}.Debug|Any CPU.ActiveCfg = Debug|Any CPU
		{BAC4433C-731C-4D52-AB21-6FEE89E1D10E}.Debug|Any CPU.Build.0 = Debug|Any CPU
		{BAC4433C-731C-4D52-AB21-6FEE89E1D10E}.Release|Any CPU.ActiveCfg = Release|Any CPU
		{BAC4433C-731C-4D52-AB21-6FEE89E1D10E}.Release|Any CPU.Build.0 = Release|Any CPU
		{CD0649B7-D577-4E75-88AC-A17998999B88}.Debug|Any CPU.ActiveCfg = Debug|Any CPU
		{CD0649B7-D577-4E75-88AC-A17998999B88}.Debug|Any CPU.Build.0 = Debug|Any CPU
		{CD0649B7-D577-4E75-88AC-A17998999B88}.Release|Any CPU.ActiveCfg = Release|Any CPU
		{CD0649B7-D577-4E75-88AC-A17998999B88}.Release|Any CPU.Build.0 = Release|Any CPU
		{23688826-2748-4060-B592-8331E141133F}.Debug|Any CPU.ActiveCfg = Debug|Any CPU
		{23688826-2748-4060-B592-8331E141133F}.Debug|Any CPU.Build.0 = Debug|Any CPU
		{23688826-2748-4060-B592-8331E141133F}.Release|Any CPU.ActiveCfg = Release|Any CPU
		{23688826-2748-4060-B592-8331E141133F}.Release|Any CPU.Build.0 = Release|Any CPU
		{E48CADD9-4494-47D8-BE42-5D4B71A361F9}.Debug|Any CPU.ActiveCfg = Debug|Any CPU
		{E48CADD9-4494-47D8-BE42-5D4B71A361F9}.Debug|Any CPU.Build.0 = Debug|Any CPU
		{E48CADD9-4494-47D8-BE42-5D4B71A361F9}.Release|Any CPU.ActiveCfg = Release|Any CPU
		{E48CADD9-4494-47D8-BE42-5D4B71A361F9}.Release|Any CPU.Build.0 = Release|Any CPU
		{9C54B5D8-EF88-401E-AD4E-875073D67966}.Debug|Any CPU.ActiveCfg = Debug|Any CPU
		{9C54B5D8-EF88-401E-AD4E-875073D67966}.Debug|Any CPU.Build.0 = Debug|Any CPU
		{9C54B5D8-EF88-401E-AD4E-875073D67966}.Release|Any CPU.ActiveCfg = Release|Any CPU
		{9C54B5D8-EF88-401E-AD4E-875073D67966}.Release|Any CPU.Build.0 = Release|Any CPU
		{75C520F1-E9B5-4DED-AB67-DE4A3105D0B9}.Debug|Any CPU.ActiveCfg = Debug|Any CPU
		{75C520F1-E9B5-4DED-AB67-DE4A3105D0B9}.Debug|Any CPU.Build.0 = Debug|Any CPU
		{75C520F1-E9B5-4DED-AB67-DE4A3105D0B9}.Release|Any CPU.ActiveCfg = Release|Any CPU
		{75C520F1-E9B5-4DED-AB67-DE4A3105D0B9}.Release|Any CPU.Build.0 = Release|Any CPU
		{3796C3CC-C38B-4BBB-B4AC-BBBCFB1486CF}.Debug|Any CPU.ActiveCfg = Debug|Any CPU
		{3796C3CC-C38B-4BBB-B4AC-BBBCFB1486CF}.Debug|Any CPU.Build.0 = Debug|Any CPU
		{3796C3CC-C38B-4BBB-B4AC-BBBCFB1486CF}.Release|Any CPU.ActiveCfg = Release|Any CPU
		{3796C3CC-C38B-4BBB-B4AC-BBBCFB1486CF}.Release|Any CPU.Build.0 = Release|Any CPU
		{7A646375-F6C3-4439-9191-B1E8DB386A42}.Debug|Any CPU.ActiveCfg = Debug|Any CPU
		{7A646375-F6C3-4439-9191-B1E8DB386A42}.Debug|Any CPU.Build.0 = Debug|Any CPU
		{7A646375-F6C3-4439-9191-B1E8DB386A42}.Release|Any CPU.ActiveCfg = Release|Any CPU
		{7A646375-F6C3-4439-9191-B1E8DB386A42}.Release|Any CPU.Build.0 = Release|Any CPU
		{C3738B5E-484D-4A57-8590-04D15E5A1782}.Debug|Any CPU.ActiveCfg = Debug|Any CPU
		{C3738B5E-484D-4A57-8590-04D15E5A1782}.Debug|Any CPU.Build.0 = Debug|Any CPU
		{C3738B5E-484D-4A57-8590-04D15E5A1782}.Release|Any CPU.ActiveCfg = Release|Any CPU
		{C3738B5E-484D-4A57-8590-04D15E5A1782}.Release|Any CPU.Build.0 = Release|Any CPU
		{D360395F-AADC-46ED-BDDE-A000D5AD7FDF}.Debug|Any CPU.ActiveCfg = Debug|Any CPU
		{D360395F-AADC-46ED-BDDE-A000D5AD7FDF}.Debug|Any CPU.Build.0 = Debug|Any CPU
		{D360395F-AADC-46ED-BDDE-A000D5AD7FDF}.Release|Any CPU.ActiveCfg = Release|Any CPU
		{D360395F-AADC-46ED-BDDE-A000D5AD7FDF}.Release|Any CPU.Build.0 = Release|Any CPU
	EndGlobalSection
	GlobalSection(SolutionProperties) = preSolution
		HideSolutionNode = FALSE
	EndGlobalSection
	GlobalSection(NestedProjects) = preSolution
		{1749ED7D-8525-4FF3-A13D-CC0C2A7E3CA8} = {C1F66C3D-CEAE-4297-ADF9-5113761C2420}
		{234E3909-391C-4E02-937B-382E105A4BB2} = {94C8D1CA-2DF9-4F3E-B08A-E7F49E9E050F}
		{BAC75AD4-940E-4E6F-853D-5A01D916F3BB} = {94C8D1CA-2DF9-4F3E-B08A-E7F49E9E050F}
		{DCFBCCA3-C783-4DB6-B1CC-C09593A242B2} = {C1F66C3D-CEAE-4297-ADF9-5113761C2420}
		{BAC4433C-731C-4D52-AB21-6FEE89E1D10E} = {5BC5768D-9450-4026-8178-DBCA739DCB0E}
		{CD0649B7-D577-4E75-88AC-A17998999B88} = {5BC5768D-9450-4026-8178-DBCA739DCB0E}
		{23688826-2748-4060-B592-8331E141133F} = {5BC5768D-9450-4026-8178-DBCA739DCB0E}
		{E48CADD9-4494-47D8-BE42-5D4B71A361F9} = {C1F66C3D-CEAE-4297-ADF9-5113761C2420}
		{9C54B5D8-EF88-401E-AD4E-875073D67966} = {5BC5768D-9450-4026-8178-DBCA739DCB0E}
		{75C520F1-E9B5-4DED-AB67-DE4A3105D0B9} = {5BC5768D-9450-4026-8178-DBCA739DCB0E}
		{3796C3CC-C38B-4BBB-B4AC-BBBCFB1486CF} = {5BC5768D-9450-4026-8178-DBCA739DCB0E}
		{7A646375-F6C3-4439-9191-B1E8DB386A42} = {5BC5768D-9450-4026-8178-DBCA739DCB0E}
		{D360395F-AADC-46ED-BDDE-A000D5AD7FDF} = {5BC5768D-9450-4026-8178-DBCA739DCB0E}
	EndGlobalSection
	GlobalSection(ExtensibilityGlobals) = postSolution
		LessCompiler = 198917b0-a634-4f0d-a496-36161600daff
		SolutionGuid = {63E75E79-B233-4DE6-B7BA-50C825A8C820}
	EndGlobalSection
EndGlobal
